
Microsoft Visual Studio Solution File, Format Version 12.00
# Visual Studio Version 17
VisualStudioVersion = 17.14.36623.8
MinimumVisualStudioVersion = 10.0.40219.1
Project("{FAE04EC0-301F-11D3-BF4B-00C04F79EFBC}") = "CursosAPI", "CursosAPI\CursosAPI.csproj", "{A93A1C28-F24D-4CA4-9B6A-55D09663DB2C}"
EndProject
Project("{FAE04EC0-301F-11D3-BF4B-00C04F79EFBC}") = "CursosAPI.Domain", "CursosAPI.Domain\CursosAPI.Domain.csproj", "{4662C4D6-ADF2-4A24-BB76-2604BF2252F4}"
EndProject
Project("{FAE04EC0-301F-11D3-BF4B-00C04F79EFBC}") = "CursosAPI.Service", "CursosAPI.Service\CursosAPI.Service.csproj", "{CE1C9B92-238F-4B5B-AABA-720AB3B6F9C5}"
EndProject
Project("{FAE04EC0-301F-11D3-BF4B-00C04F79EFBC}") = "CursosAPI.Infrastructure", "CursosAPI.Infrastructure\CursosAPI.Infrastructure.csproj", "{8F0616E7-EC49-4B6A-86EC-C35894B251E7}"
EndProject
Project("{FAE04EC0-301F-11D3-BF4B-00C04F79EFBC}") = "CursosAPI.Tests", "CursosAPI.Tests\CursosAPI.Tests.csproj", "{73ADB05B-CD81-4024-A91D-CE6DD1AA6286}"
EndProject
Global
	GlobalSection(SolutionConfigurationPlatforms) = preSolution
		Debug|Any CPU = Debug|Any CPU
		Debug|x64 = Debug|x64
		Debug|x86 = Debug|x86
		Release|Any CPU = Release|Any CPU
		Release|x64 = Release|x64
		Release|x86 = Release|x86
	EndGlobalSection
	GlobalSection(ProjectConfigurationPlatforms) = postSolution
		{A93A1C28-F24D-4CA4-9B6A-55D09663DB2C}.Debug|Any CPU.ActiveCfg = Debug|Any CPU
		{A93A1C28-F24D-4CA4-9B6A-55D09663DB2C}.Debug|Any CPU.Build.0 = Debug|Any CPU
		{A93A1C28-F24D-4CA4-9B6A-55D09663DB2C}.Debug|x64.ActiveCfg = Debug|Any CPU
		{A93A1C28-F24D-4CA4-9B6A-55D09663DB2C}.Debug|x64.Build.0 = Debug|Any CPU
		{A93A1C28-F24D-4CA4-9B6A-55D09663DB2C}.Debug|x86.ActiveCfg = Debug|Any CPU
		{A93A1C28-F24D-4CA4-9B6A-55D09663DB2C}.Debug|x86.Build.0 = Debug|Any CPU
		{A93A1C28-F24D-4CA4-9B6A-55D09663DB2C}.Release|Any CPU.ActiveCfg = Release|Any CPU
		{A93A1C28-F24D-4CA4-9B6A-55D09663DB2C}.Release|Any CPU.Build.0 = Release|Any CPU
		{A93A1C28-F24D-4CA4-9B6A-55D09663DB2C}.Release|x64.ActiveCfg = Release|Any CPU
		{A93A1C28-F24D-4CA4-9B6A-55D09663DB2C}.Release|x64.Build.0 = Release|Any CPU
		{A93A1C28-F24D-4CA4-9B6A-55D09663DB2C}.Release|x86.ActiveCfg = Release|Any CPU
		{A93A1C28-F24D-4CA4-9B6A-55D09663DB2C}.Release|x86.Build.0 = Release|Any CPU
		{4662C4D6-ADF2-4A24-BB76-2604BF2252F4}.Debug|Any CPU.ActiveCfg = Debug|Any CPU
		{4662C4D6-ADF2-4A24-BB76-2604BF2252F4}.Debug|Any CPU.Build.0 = Debug|Any CPU
		{4662C4D6-ADF2-4A24-BB76-2604BF2252F4}.Debug|x64.ActiveCfg = Debug|Any CPU
		{4662C4D6-ADF2-4A24-BB76-2604BF2252F4}.Debug|x64.Build.0 = Debug|Any CPU
		{4662C4D6-ADF2-4A24-BB76-2604BF2252F4}.Debug|x86.ActiveCfg = Debug|Any CPU
		{4662C4D6-ADF2-4A24-BB76-2604BF2252F4}.Debug|x86.Build.0 = Debug|Any CPU
		{4662C4D6-ADF2-4A24-BB76-2604BF2252F4}.Release|Any CPU.ActiveCfg = Release|Any CPU
		{4662C4D6-ADF2-4A24-BB76-2604BF2252F4}.Release|Any CPU.Build.0 = Release|Any CPU
		{4662C4D6-ADF2-4A24-BB76-2604BF2252F4}.Release|x64.ActiveCfg = Release|Any CPU
		{4662C4D6-ADF2-4A24-BB76-2604BF2252F4}.Release|x64.Build.0 = Release|Any CPU
		{4662C4D6-ADF2-4A24-BB76-2604BF2252F4}.Release|x86.ActiveCfg = Release|Any CPU
		{4662C4D6-ADF2-4A24-BB76-2604BF2252F4}.Release|x86.Build.0 = Release|Any CPU
		{CE1C9B92-238F-4B5B-AABA-720AB3B6F9C5}.Debug|Any CPU.ActiveCfg = Debug|Any CPU
		{CE1C9B92-238F-4B5B-AABA-720AB3B6F9C5}.Debug|Any CPU.Build.0 = Debug|Any CPU
		{CE1C9B92-238F-4B5B-AABA-720AB3B6F9C5}.Debug|x64.ActiveCfg = Debug|Any CPU
		{CE1C9B92-238F-4B5B-AABA-720AB3B6F9C5}.Debug|x64.Build.0 = Debug|Any CPU
		{CE1C9B92-238F-4B5B-AABA-720AB3B6F9C5}.Debug|x86.ActiveCfg = Debug|Any CPU
		{CE1C9B92-238F-4B5B-AABA-720AB3B6F9C5}.Debug|x86.Build.0 = Debug|Any CPU
		{CE1C9B92-238F-4B5B-AABA-720AB3B6F9C5}.Release|Any CPU.ActiveCfg = Release|Any CPU
		{CE1C9B92-238F-4B5B-AABA-720AB3B6F9C5}.Release|Any CPU.Build.0 = Release|Any CPU
		{CE1C9B92-238F-4B5B-AABA-720AB3B6F9C5}.Release|x64.ActiveCfg = Release|Any CPU
		{CE1C9B92-238F-4B5B-AABA-720AB3B6F9C5}.Release|x64.Build.0 = Release|Any CPU
		{CE1C9B92-238F-4B5B-AABA-720AB3B6F9C5}.Release|x86.ActiveCfg = Release|Any CPU
		{CE1C9B92-238F-4B5B-AABA-720AB3B6F9C5}.Release|x86.Build.0 = Release|Any CPU
		{8F0616E7-EC49-4B6A-86EC-C35894B251E7}.Debug|Any CPU.ActiveCfg = Debug|Any CPU
		{8F0616E7-EC49-4B6A-86EC-C35894B251E7}.Debug|Any CPU.Build.0 = Debug|Any CPU
		{8F0616E7-EC49-4B6A-86EC-C35894B251E7}.Debug|x64.ActiveCfg = Debug|Any CPU
		{8F0616E7-EC49-4B6A-86EC-C35894B251E7}.Debug|x64.Build.0 = Debug|Any CPU
		{8F0616E7-EC49-4B6A-86EC-C35894B251E7}.Debug|x86.ActiveCfg = Debug|Any CPU
		{8F0616E7-EC49-4B6A-86EC-C35894B251E7}.Debug|x86.Build.0 = Debug|Any CPU
		{8F0616E7-EC49-4B6A-86EC-C35894B251E7}.Release|Any CPU.ActiveCfg = Release|Any CPU
		{8F0616E7-EC49-4B6A-86EC-C35894B251E7}.Release|Any CPU.Build.0 = Release|Any CPU
		{8F0616E7-EC49-4B6A-86EC-C35894B251E7}.Release|x64.ActiveCfg = Release|Any CPU
		{8F0616E7-EC49-4B6A-86EC-C35894B251E7}.Release|x64.Build.0 = Release|Any CPU
		{8F0616E7-EC49-4B6A-86EC-C35894B251E7}.Release|x86.ActiveCfg = Release|Any CPU
		{8F0616E7-EC49-4B6A-86EC-C35894B251E7}.Release|x86.Build.0 = Release|Any CPU
		{73ADB05B-CD81-4024-A91D-CE6DD1AA6286}.Debug|Any CPU.ActiveCfg = Debug|Any CPU
		{73ADB05B-CD81-4024-A91D-CE6DD1AA6286}.Debug|Any CPU.Build.0 = Debug|Any CPU
		{73ADB05B-CD81-4024-A91D-CE6DD1AA6286}.Debug|x64.ActiveCfg = Debug|Any CPU
		{73ADB05B-CD81-4024-A91D-CE6DD1AA6286}.Debug|x64.Build.0 = Debug|Any CPU
		{73ADB05B-CD81-4024-A91D-CE6DD1AA6286}.Debug|x86.ActiveCfg = Debug|Any CPU
		{73ADB05B-CD81-4024-A91D-CE6DD1AA6286}.Debug|x86.Build.0 = Debug|Any CPU
		{73ADB05B-CD81-4024-A91D-CE6DD1AA6286}.Release|Any CPU.ActiveCfg = Release|Any CPU
		{73ADB05B-CD81-4024-A91D-CE6DD1AA6286}.Release|Any CPU.Build.0 = Release|Any CPU
		{73ADB05B-CD81-4024-A91D-CE6DD1AA6286}.Release|x64.ActiveCfg = Release|Any CPU
		{73ADB05B-CD81-4024-A91D-CE6DD1AA6286}.Release|x64.Build.0 = Release|Any CPU
		{73ADB05B-CD81-4024-A91D-CE6DD1AA6286}.Release|x86.ActiveCfg = Release|Any CPU
		{73ADB05B-CD81-4024-A91D-CE6DD1AA6286}.Release|x86.Build.0 = Release|Any CPU
	EndGlobalSection
	GlobalSection(SolutionProperties) = preSolution
		HideSolutionNode = FALSE
	EndGlobalSection
	GlobalSection(ExtensibilityGlobals) = postSolution
		SolutionGuid = {740471ED-AA8B-451A-A29F-D71C963CAC1C}
	EndGlobalSection
EndGlobal
